
Microsoft Visual Studio Solution File, Format Version 12.00
# Visual Studio Version 18
VisualStudioVersion = 18.1.11312.151
MinimumVisualStudioVersion = 10.0.40219.1
Project("{2150E333-8FDC-42A3-9474-1A3956D46DE8}") = "Modules", "Modules", "{60A46C01-EBEA-4B16-9316-5AB13FD976B2}"
EndProject
Project("{2150E333-8FDC-42A3-9474-1A3956D46DE8}") = "Shared", "Shared", "{A74EF0CA-5FCE-422C-82C6-BB7A2735DABE}"
EndProject
Project("{FAE04EC0-301F-11D3-BF4B-00C04F79EFBC}") = "Api", "Api\Api.csproj", "{CBFA08EA-AECE-205F-7B85-326FD0B81BAD}"
EndProject
Project("{FAE04EC0-301F-11D3-BF4B-00C04F79EFBC}") = "Shared", "Shared\Shared.csproj", "{22F72E50-B86A-48A6-4252-6FDC98C636E8}"
EndProject
Project("{FAE04EC0-301F-11D3-BF4B-00C04F79EFBC}") = "Modules.Identity", "Modules.Identity\Modules.Identity.csproj", "{E685DB02-1EC2-840F-9379-69531AEAC5A8}"
EndProject
Project("{FAE04EC0-301F-11D3-BF4B-00C04F79EFBC}") = "Modules.Common", "Modules.Common\Modules.Common.csproj", "{4DABB7A1-22F1-4DD1-9C4C-888FD0B80023}"
EndProject
Project("{FAE04EC0-301F-11D3-BF4B-00C04F79EFBC}") = "Modules.Logger", "Modules.Logger\Modules.Logger.csproj", "{505A4DDD-BF61-48DD-B580-319F7EB55AED}"
EndProject
Project("{2150E333-8FDC-42A3-9474-1A3956D46DE8}") = "Shared", "Shared", "{FAA2C8B5-5F36-42AC-BBD9-3AAE3B39B58C}"
EndProject
Project("{FAE04EC0-301F-11D3-BF4B-00C04F79EFBC}") = "Modules.Reporting", "Modules.Reporting\Modules.Reporting.csproj", "{D90F712D-8938-4E6F-9439-A7E7C92D1A30}"
EndProject
Global
	GlobalSection(SolutionConfigurationPlatforms) = preSolution
		Debug|Any CPU = Debug|Any CPU
		Release|Any CPU = Release|Any CPU
	EndGlobalSection
	GlobalSection(ProjectConfigurationPlatforms) = postSolution
		{CBFA08EA-AECE-205F-7B85-326FD0B81BAD}.Debug|Any CPU.ActiveCfg = Debug|Any CPU
		{CBFA08EA-AECE-205F-7B85-326FD0B81BAD}.Debug|Any CPU.Build.0 = Debug|Any CPU
		{CBFA08EA-AECE-205F-7B85-326FD0B81BAD}.Release|Any CPU.ActiveCfg = Release|Any CPU
		{CBFA08EA-AECE-205F-7B85-326FD0B81BAD}.Release|Any CPU.Build.0 = Release|Any CPU
		{22F72E50-B86A-48A6-4252-6FDC98C636E8}.Debug|Any CPU.ActiveCfg = Debug|Any CPU
		{22F72E50-B86A-48A6-4252-6FDC98C636E8}.Debug|Any CPU.Build.0 = Debug|Any CPU
		{22F72E50-B86A-48A6-4252-6FDC98C636E8}.Release|Any CPU.ActiveCfg = Release|Any CPU
		{22F72E50-B86A-48A6-4252-6FDC98C636E8}.Release|Any CPU.Build.0 = Release|Any CPU
		{E685DB02-1EC2-840F-9379-69531AEAC5A8}.Debug|Any CPU.ActiveCfg = Debug|Any CPU
		{E685DB02-1EC2-840F-9379-69531AEAC5A8}.Debug|Any CPU.Build.0 = Debug|Any CPU
		{E685DB02-1EC2-840F-9379-69531AEAC5A8}.Release|Any CPU.ActiveCfg = Release|Any CPU
		{E685DB02-1EC2-840F-9379-69531AEAC5A8}.Release|Any CPU.Build.0 = Release|Any CPU
		{4DABB7A1-22F1-4DD1-9C4C-888FD0B80023}.Debug|Any CPU.ActiveCfg = Debug|Any CPU
		{4DABB7A1-22F1-4DD1-9C4C-888FD0B80023}.Debug|Any CPU.Build.0 = Debug|Any CPU
		{4DABB7A1-22F1-4DD1-9C4C-888FD0B80023}.Release|Any CPU.ActiveCfg = Release|Any CPU
		{4DABB7A1-22F1-4DD1-9C4C-888FD0B80023}.Release|Any CPU.Build.0 = Release|Any CPU
		{505A4DDD-BF61-48DD-B580-319F7EB55AED}.Debug|Any CPU.ActiveCfg = Debug|Any CPU
		{505A4DDD-BF61-48DD-B580-319F7EB55AED}.Debug|Any CPU.Build.0 = Debug|Any CPU
		{505A4DDD-BF61-48DD-B580-319F7EB55AED}.Release|Any CPU.ActiveCfg = Release|Any CPU
		{505A4DDD-BF61-48DD-B580-319F7EB55AED}.Release|Any CPU.Build.0 = Release|Any CPU
		{D90F712D-8938-4E6F-9439-A7E7C92D1A30}.Debug|Any CPU.ActiveCfg = Debug|Any CPU
		{D90F712D-8938-4E6F-9439-A7E7C92D1A30}.Debug|Any CPU.Build.0 = Debug|Any CPU
		{D90F712D-8938-4E6F-9439-A7E7C92D1A30}.Release|Any CPU.ActiveCfg = Release|Any CPU
		{D90F712D-8938-4E6F-9439-A7E7C92D1A30}.Release|Any CPU.Build.0 = Release|Any CPU
	EndGlobalSection
	GlobalSection(SolutionProperties) = preSolution
		HideSolutionNode = FALSE
	EndGlobalSection
	GlobalSection(NestedProjects) = preSolution
		{22F72E50-B86A-48A6-4252-6FDC98C636E8} = {A74EF0CA-5FCE-422C-82C6-BB7A2735DABE}
		{E685DB02-1EC2-840F-9379-69531AEAC5A8} = {60A46C01-EBEA-4B16-9316-5AB13FD976B2}
		{4DABB7A1-22F1-4DD1-9C4C-888FD0B80023} = {FAA2C8B5-5F36-42AC-BBD9-3AAE3B39B58C}
		{505A4DDD-BF61-48DD-B580-319F7EB55AED} = {FAA2C8B5-5F36-42AC-BBD9-3AAE3B39B58C}
		{FAA2C8B5-5F36-42AC-BBD9-3AAE3B39B58C} = {60A46C01-EBEA-4B16-9316-5AB13FD976B2}
		{D90F712D-8938-4E6F-9439-A7E7C92D1A30} = {FAA2C8B5-5F36-42AC-BBD9-3AAE3B39B58C}
	EndGlobalSection
	GlobalSection(ExtensibilityGlobals) = postSolution
		SolutionGuid = {816A491A-B24F-42D9-8501-8FE3A2FCB5E9}
	EndGlobalSection
EndGlobal
